{
  "nodes": {
    "agenix": {
      "inputs": {
        "darwin": "darwin",
        "home-manager": "home-manager",
        "nixpkgs": "nixpkgs",
        "systems": "systems"
      },
      "locked": {
        "lastModified": 1745630506,
        "narHash": "sha256-bHCFgGeu8XjWlVuaWzi3QONjDW3coZDqSHvnd4l7xus=",
        "owner": "ryantm",
        "repo": "agenix",
        "rev": "96e078c646b711aee04b82ba01aefbff87004ded",
        "type": "github"
      },
      "original": {
        "owner": "ryantm",
        "repo": "agenix",
        "type": "github"
      }
    },
    "darwin": {
      "inputs": {
        "nixpkgs": [
          "agenix",
          "nixpkgs"
        ]
      },
      "locked": {
        "lastModified": 1744478979,
        "narHash": "sha256-dyN+teG9G82G+m+PX/aSAagkC+vUv0SgUw3XkPhQodQ=",
        "owner": "lnl7",
        "repo": "nix-darwin",
        "rev": "43975d782b418ebf4969e9ccba82466728c2851b",
        "type": "github"
      },
      "original": {
        "owner": "lnl7",
        "ref": "master",
        "repo": "nix-darwin",
        "type": "github"
      }
    },
    "disko": {
      "inputs": {
        "nixpkgs": [
          "nixpkgs"
        ]
      },
      "locked": {
        "lastModified": 1745812220,
        "narHash": "sha256-hotBG0EJ9VmAHJYF0yhWuTVZpENHvwcJ2SxvIPrXm+g=",
        "owner": "nix-community",
        "repo": "disko",
        "rev": "d0c543d740fad42fe2c035b43c9d41127e073c78",
        "type": "github"
      },
      "original": {
        "owner": "nix-community",
        "repo": "disko",
        "type": "github"
      }
    },
    "dotfiles": {
      "flake": false,
      "locked": {
        "lastModified": 1726139078,
        "narHash": "sha256-FiyYP/hTiSOkj99P1YcIxc9uJjjInpMPAp6fKtZlkNs=",
        "ref": "refs/heads/master",
        "rev": "d9f3a3ba9d8430306a4f6f7e9fd3ad618d274c8e",
        "revCount": 2,
        "type": "git",
        "url": "https://github.com/Zapfmeister/nixdotfiles.git"
      },
      "original": {
        "type": "git",
        "url": "https://github.com/Zapfmeister/nixdotfiles.git"
      }
    },
    "home-manager": {
      "inputs": {
        "nixpkgs": [
          "agenix",
          "nixpkgs"
        ]
      },
      "locked": {
        "lastModified": 1745494811,
        "narHash": "sha256-YZCh2o9Ua1n9uCvrvi5pRxtuVNml8X2a03qIFfRKpFs=",
        "owner": "nix-community",
        "repo": "home-manager",
        "rev": "abfad3d2958c9e6300a883bd443512c55dfeb1be",
        "type": "github"
      },
      "original": {
        "owner": "nix-community",
        "repo": "home-manager",
        "type": "github"
      }
    },
    "home-manager_2": {
      "inputs": {
        "nixpkgs": [
          "nixpkgs"
        ]
      },
      "locked": {
        "lastModified": 1745894335,
        "narHash": "sha256-m47zhftaod/oHOwoVT25jstdcVLhkrVGyvEHKjbnFHI=",
        "owner": "nix-community",
        "repo": "home-manager",
        "rev": "1ad123239957d40e11ef66c203d0a7e272eb48aa",
        "type": "github"
      },
      "original": {
        "owner": "nix-community",
        "repo": "home-manager",
        "type": "github"
      }
    },
    "nixpkgs": {
      "locked": {
        "lastModified": 1745391562,
        "narHash": "sha256-sPwcCYuiEopaafePqlG826tBhctuJsLx/mhKKM5Fmjo=",
        "owner": "NixOS",
        "repo": "nixpkgs",
        "rev": "8a2f738d9d1f1d986b5a4cd2fd2061a7127237d7",
        "type": "github"
      },
      "original": {
        "owner": "NixOS",
        "ref": "nixos-unstable",
        "repo": "nixpkgs",
        "type": "github"
      }
    },
    "nixpkgs-stable": {
      "locked": {
        "lastModified": 1745868005,
        "narHash": "sha256-hZScOyQphT4RUmSEJX+2OxjIlGgLwSd8iW1LNtAWIOs=",
        "owner": "nixos",
        "repo": "nixpkgs",
        "rev": "330d0a4167924b43f31cc9406df363f71b768a02",
        "type": "github"
      },
      "original": {
        "owner": "nixos",
        "ref": "nixos-24.11",
        "repo": "nixpkgs",
        "type": "github"
      }
    },
    "nixpkgs_2": {
      "locked": {
        "lastModified": 1745794561,
        "narHash": "sha256-T36rUZHUART00h3dW4sV5tv4MrXKT7aWjNfHiZz7OHg=",
        "owner": "nixos",
        "repo": "nixpkgs",
        "rev": "5461b7fa65f3ca74cef60be837fd559a8918eaa0",
        "type": "github"
      },
      "original": {
        "owner": "nixos",
        "ref": "nixos-unstable",
        "repo": "nixpkgs",
        "type": "github"
      }
    },
    "root": {
      "inputs": {
        "agenix": "agenix",
        "disko": "disko",
        "dotfiles": "dotfiles",
        "home-manager": "home-manager_2",
        "nixpkgs": "nixpkgs_2",
        "nixpkgs-stable": "nixpkgs-stable"
      }
    },
    "systems": {
      "locked": {
        "lastModified": 1681028828,
        "narHash": "sha256-Vy1rq5AaRuLzOxct8nz4T6wlgyUR7zLU309k9mBC768=",
        "owner": "nix-systems",
        "repo": "default",
        "rev": "da67096a3b9bf56a91d16901293e51ba5b49a27e",
        "type": "github"
      },
      "original": {
        "owner": "nix-systems",
        "repo": "default",
        "type": "github"
      }
    }
  },
  "root": "root",
  "version": 7
}
